
Microsoft Visual Studio Solution File, Format Version 12.00
# Visual Studio Version 16
VisualStudioVersion = 16.0.29613.14
MinimumVisualStudioVersion = 10.0.40219.1
Project("{FAE04EC0-301F-11D3-BF4B-00C04F79EFBC}") = "UkazkaRazor", "UkazkaRazor\UkazkaRazor.csproj", "{ED92CAA9-85FB-4B68-B41E-0215907FDB20}"
EndProject
Global
	GlobalSection(SolutionConfigurationPlatforms) = preSolution
		Debug|Any CPU = Debug|Any CPU
		Release|Any CPU = Release|Any CPU
	EndGlobalSection
	GlobalSection(ProjectConfigurationPlatforms) = postSolution
		{ED92CAA9-85FB-4B68-B41E-0215907FDB20}.Debug|Any CPU.ActiveCfg = Debug|Any CPU
		{ED92CAA9-85FB-4B68-B41E-0215907FDB20}.Debug|Any CPU.Build.0 = Debug|Any CPU
		{ED92CAA9-85FB-4B68-B41E-0215907FDB20}.Release|Any CPU.ActiveCfg = Release|Any CPU
		{ED92CAA9-85FB-4B68-B41E-0215907FDB20}.Release|Any CPU.Build.0 = Release|Any CPU
	EndGlobalSection
	GlobalSection(SolutionProperties) = preSolution
		HideSolutionNode = FALSE
	EndGlobalSection
	GlobalSection(ExtensibilityGlobals) = postSolution
		SolutionGuid = {E9CAA223-F886-4C57-B346-7916291AFE7A}
	EndGlobalSection
EndGlobal
